{
  "name": "test_sca",
  "version": "1.0.0",
  "lockfileVersion": 3,
  "requires": true,
  "packages": {
    "": {
      "name": "test_sca",
      "version": "1.0.0",
      "license": "ISC",
      "dependencies": {
        "marked": "0.0.1"
      }
    },
    "node_modules/marked": {
      "version": "0.0.1",
      "resolved": "https://registry.npmjs.org/marked/-/marked-0.0.1.tgz",
      "integrity": "sha512-IXvxA42OBBN07+BZf8feBUYCNhQLmiJ6m0Q27OygsrTp3nRT3Mj+mdEU342pVxYP6P3YrS4GII4lp2aS3PWQ6A==",
      "engines": {
        "node": "*"
      }
    }
  }
}
